<?xml version="1.0" encoding="utf-8"?>
<Project xmlns="http://schemas.microsoft.com/developer/msbuild/2003">
  <ItemGroup>
    <Filter Include="Form Files">
      <UniqueIdentifier>{99349809-55BA-4b9d-BF79-8FDBB0286EB3}</UniqueIdentifier>
      <Extensions>ui</Extensions>
      <ParseFiles>false</ParseFiles>
    </Filter>
    <Filter Include="Form Files">
      <UniqueIdentifier>{99349809-55BA-4b9d-BF79-8FDBB0286EB3}</UniqueIdentifier>
      <Extensions>ui</Extensions>
      <ParseFiles>false</ParseFiles>
    </Filter>
    <Filter Include="Generated Files">
      <UniqueIdentifier>{71ED8ED8-ACB9-4CE9-BBE1-E00B30144E11}</UniqueIdentifier>
      <Extensions>cpp;c;cxx;moc;h;def;odl;idl;res;</Extensions>
    </Filter>
    <Filter Include="Generated Files">
      <UniqueIdentifier>{71ED8ED8-ACB9-4CE9-BBE1-E00B30144E11}</UniqueIdentifier>
      <Extensions>cpp;c;cxx;moc;h;def;odl;idl;res;</Extensions>
    </Filter>
    <Filter Include="Header Files">
      <UniqueIdentifier>{93995380-89BD-4b04-88EB-625FBE52EBFB}</UniqueIdentifier>
      <Extensions>h;hpp;hxx;hm;inl;inc;xsd</Extensions>
    </Filter>
    <Filter Include="Header Files">
      <UniqueIdentifier>{93995380-89BD-4b04-88EB-625FBE52EBFB}</UniqueIdentifier>
      <Extensions>h;hpp;hxx;hm;inl;inc;xsd</Extensions>
    </Filter>
    <Filter Include="Resource Files">
      <UniqueIdentifier>{D9D6E242-F8AF-46E4-B9FD-80ECBC20BA3E}</UniqueIdentifier>
      <Extensions>qrc;*</Extensions>
      <ParseFiles>false</ParseFiles>
    </Filter>
    <Filter Include="Resource Files">
      <UniqueIdentifier>{D9D6E242-F8AF-46E4-B9FD-80ECBC20BA3E}</UniqueIdentifier>
      <Extensions>qrc;*</Extensions>
      <ParseFiles>false</ParseFiles>
    </Filter>
    <Filter Include="Source Files">
      <UniqueIdentifier>{4FC737F1-C7A5-4376-A066-2A32D752A2FF}</UniqueIdentifier>
      <Extensions>cpp;c;cxx;def;odl;idl;hpj;bat;asm;asmx</Extensions>
    </Filter>
    <Filter Include="Source Files">
      <UniqueIdentifier>{4FC737F1-C7A5-4376-A066-2A32D752A2FF}</UniqueIdentifier>
      <Extensions>cpp;c;cxx;def;odl;idl;hpj;bat;asm;asmx</Extensions>
    </Filter>
  </ItemGroup>
  <ItemGroup>
    <ClCompile Include="chelperclass.cpp">
      <Filter>Source Files</Filter>
    </ClCompile>
    <ClCompile Include="main.cpp">
      <Filter>Source Files</Filter>
    </ClCompile>
    <ClCompile Include="qAnalitikaArtikli.cpp">
      <Filter>Source Files</Filter>
    </ClCompile>
    <ClCompile Include="qAnalitikaArtikliwidget.cpp">
      <Filter>Source Files</Filter>
    </ClCompile>
    <ClCompile Include="qAnalitikaKomintenti.cpp">
      <Filter>Source Files</Filter>
    </ClCompile>
    <ClCompile Include="qAnalitikaKomintentiwidget.cpp">
      <Filter>Source Files</Filter>
    </ClCompile>
    <ClCompile Include="qEmployekorekcija.cpp">
      <Filter>Source Files</Filter>
    </ClCompile>
    <ClCompile Include="qEmployelista.cpp">
      <Filter>Source Files</Filter>
    </ClCompile>
    <ClCompile Include="qEmployevnes.cpp">
      <Filter>Source Files</Filter>
    </ClCompile>
    <ClCompile Include="qFinAnalitikaKomintenti.cpp">
      <Filter>Source Files</Filter>
    </ClCompile>
    <ClCompile Include="qFinAnalitikaKomintentiwidget.cpp">
      <Filter>Source Files</Filter>
    </ClCompile>
    <ClCompile Include="qPriem.cpp">
      <Filter>Source Files</Filter>
    </ClCompile>
    <ClCompile Include="qPriemwidget.cpp">
      <Filter>Source Files</Filter>
    </ClCompile>
    <ClCompile Include="qartiklikorekcija.cpp">
      <Filter>Source Files</Filter>
    </ClCompile>
    <ClCompile Include="qartiklivnes.cpp">
      <Filter>Source Files</Filter>
    </ClCompile>
    <ClCompile Include="qbanki.cpp">
      <Filter>Source Files</Filter>
    </ClCompile>
    <ClCompile Include="qbankikorekcija.cpp">
      <Filter>Source Files</Filter>
    </ClCompile>
    <ClCompile Include="qbankilista.cpp">
      <Filter>Source Files</Filter>
    </ClCompile>
    <ClCompile Include="qbankivnes.cpp">
      <Filter>Source Files</Filter>
    </ClCompile>
    <ClCompile Include="qddv.cpp">
      <Filter>Source Files</Filter>
    </ClCompile>
    <ClCompile Include="qddvkorekcija.cpp">
      <Filter>Source Files</Filter>
    </ClCompile>
    <ClCompile Include="qddvlista.cpp">
      <Filter>Source Files</Filter>
    </ClCompile>
    <ClCompile Include="qddvvnes.cpp">
      <Filter>Source Files</Filter>
    </ClCompile>
    <ClCompile Include="qdnevenpromet.cpp">
      <Filter>Source Files</Filter>
    </ClCompile>
    <ClCompile Include="qdnevenprometwidget.cpp">
      <Filter>Source Files</Filter>
    </ClCompile>
    <ClCompile Include="qfakturikorekcija.cpp">
      <Filter>Source Files</Filter>
    </ClCompile>
    <ClCompile Include="qfakturilista.cpp">
      <Filter>Source Files</Filter>
    </ClCompile>
    <ClCompile Include="qfakturivlezni.cpp">
      <Filter>Source Files</Filter>
    </ClCompile>
    <ClCompile Include="qfakturivnes.cpp">
      <Filter>Source Files</Filter>
    </ClCompile>
    <ClCompile Include="qfiscalform.cpp">
      <Filter>Source Files</Filter>
    </ClCompile>
    <ClCompile Include="qizjavakorekcija.cpp">
      <Filter>Source Files</Filter>
    </ClCompile>
    <ClCompile Include="qizjavalista.cpp">
      <Filter>Source Files</Filter>
    </ClCompile>
    <ClCompile Include="qizjavavnes.cpp">
      <Filter>Source Files</Filter>
    </ClCompile>
    <ClCompile Include="qizleznifaktmasterkorekcija.cpp">
      <Filter>Source Files</Filter>
    </ClCompile>
    <ClCompile Include="qizleznifaktmasterlista.cpp">
      <Filter>Source Files</Filter>
    </ClCompile>
    <ClCompile Include="qizleznifaktmastervnes.cpp">
      <Filter>Source Files</Filter>
    </ClCompile>
    <ClCompile Include="qizleznifakturikorekcija.cpp">
      <Filter>Source Files</Filter>
    </ClCompile>
    <ClCompile Include="qizleznifakturilista.cpp">
      <Filter>Source Files</Filter>
    </ClCompile>
    <ClCompile Include="qizleznifakturivnes.cpp">
      <Filter>Source Files</Filter>
    </ClCompile>
    <ClCompile Include="qizlezniispratnicikorekcija.cpp">
      <Filter>Source Files</Filter>
    </ClCompile>
    <ClCompile Include="qizlezniispratnicilista.cpp">
      <Filter>Source Files</Filter>
    </ClCompile>
    <ClCompile Include="qizlezniispratnicivnes.cpp">
      <Filter>Source Files</Filter>
    </ClCompile>
    <ClCompile Include="qizleznipopismasterkorekcija.cpp">
      <Filter>Source Files</Filter>
    </ClCompile>
    <ClCompile Include="qizleznipopismasterlista.cpp">
      <Filter>Source Files</Filter>
    </ClCompile>
    <ClCompile Include="qizleznipopismastervnes.cpp">
      <Filter>Source Files</Filter>
    </ClCompile>
    <ClCompile Include="qizleznipovratnicamasterkorekcija.cpp">
      <Filter>Source Files</Filter>
    </ClCompile>
    <ClCompile Include="qizleznipovratnicamasterlista.cpp">
      <Filter>Source Files</Filter>
    </ClCompile>
    <ClCompile Include="qizleznipovratnicamastervnes.cpp">
      <Filter>Source Files</Filter>
    </ClCompile>
    <ClCompile Include="qizleznismetkikorekcija.cpp">
      <Filter>Source Files</Filter>
    </ClCompile>
    <ClCompile Include="qizleznismetkilista.cpp">
      <Filter>Source Files</Filter>
    </ClCompile>
    <ClCompile Include="qizleznismetkivnes.cpp">
      <Filter>Source Files</Filter>
    </ClCompile>
    <ClCompile Include="qizvestai.cpp">
      <Filter>Source Files</Filter>
    </ClCompile>
    <ClCompile Include="qizvestaiwidget.cpp">
      <Filter>Source Files</Filter>
    </ClCompile>
    <ClCompile Include="qizvod.cpp">
      <Filter>Source Files</Filter>
    </ClCompile>
    <ClCompile Include="qizvodkorekcija.cpp">
      <Filter>Source Files</Filter>
    </ClCompile>
    <ClCompile Include="qizvodlista.cpp">
      <Filter>Source Files</Filter>
    </ClCompile>
    <ClCompile Include="qizvodvnes.cpp">
      <Filter>Source Files</Filter>
    </ClCompile>
    <ClCompile Include="qkalkulacijakorekcija.cpp">
      <Filter>Source Files</Filter>
    </ClCompile>
    <ClCompile Include="qkalkulacijalagerlista.cpp">
      <Filter>Source Files</Filter>
    </ClCompile>
    <ClCompile Include="qkalkulacijalista.cpp">
      <Filter>Source Files</Filter>
    </ClCompile>
    <ClCompile Include="qkalkulacijavnes.cpp">
      <Filter>Source Files</Filter>
    </ClCompile>
    <ClCompile Include="qkarticawidget.cpp">
      <Filter>Source Files</Filter>
    </ClCompile>
    <ClCompile Include="qkartici.cpp">
      <Filter>Source Files</Filter>
    </ClCompile>
    <ClCompile Include="qkasakorekcija.cpp">
      <Filter>Source Files</Filter>
    </ClCompile>
    <ClCompile Include="qkasalista.cpp">
      <Filter>Source Files</Filter>
    </ClCompile>
    <ClCompile Include="qkasavnes.cpp">
      <Filter>Source Files</Filter>
    </ClCompile>
    <ClCompile Include="qkomintentianalitika.cpp">
      <Filter>Source Files</Filter>
    </ClCompile>
    <ClCompile Include="qkomintentianalitikawidget.cpp">
      <Filter>Source Files</Filter>
    </ClCompile>
    <ClCompile Include="qkomintentikorekcija.cpp">
      <Filter>Source Files</Filter>
    </ClCompile>
    <ClCompile Include="qkomintentilista.cpp">
      <Filter>Source Files</Filter>
    </ClCompile>
    <ClCompile Include="qkomintentivnes.cpp">
      <Filter>Source Files</Filter>
    </ClCompile>
    <ClCompile Include="qlager.cpp">
      <Filter>Source Files</Filter>
    </ClCompile>
    <ClCompile Include="qlagerwidget.cpp">
      <Filter>Source Files</Filter>
    </ClCompile>
    <ClCompile Include="qleft.cpp">
      <Filter>Source Files</Filter>
    </ClCompile>
    <ClCompile Include="qmyEmploye.cpp">
      <Filter>Source Files</Filter>
    </ClCompile>
    <ClCompile Include="qmyartikli.cpp">
      <Filter>Source Files</Filter>
    </ClCompile>
    <ClCompile Include="qmyartiklilista.cpp">
      <Filter>Source Files</Filter>
    </ClCompile>
    <ClCompile Include="qmybaseformwidget.cpp">
      <Filter>Source Files</Filter>
    </ClCompile>
    <ClCompile Include="qmybasewidget.cpp">
      <Filter>Source Files</Filter>
    </ClCompile>
    <ClCompile Include="qmyfaktmaster.cpp">
      <Filter>Source Files</Filter>
    </ClCompile>
    <ClCompile Include="qmyfakturi.cpp">
      <Filter>Source Files</Filter>
    </ClCompile>
    <ClCompile Include="qmyispratnici.cpp">
      <Filter>Source Files</Filter>
    </ClCompile>
    <ClCompile Include="qmyizjava.cpp">
      <Filter>Source Files</Filter>
    </ClCompile>
    <ClCompile Include="qmykalkulacija.cpp">
      <Filter>Source Files</Filter>
    </ClCompile>
    <ClCompile Include="qmykasa.cpp">
      <Filter>Source Files</Filter>
    </ClCompile>
    <ClCompile Include="qmykomintenti.cpp">
      <Filter>Source Files</Filter>
    </ClCompile>
    <ClCompile Include="qmyodobrenie.cpp">
      <Filter>Source Files</Filter>
    </ClCompile>
    <ClCompile Include="qmypopismaster.cpp">
      <Filter>Source Files</Filter>
    </ClCompile>
    <ClCompile Include="qmyporackismetki.cpp">
      <Filter>Source Files</Filter>
    </ClCompile>
    <ClCompile Include="qmypovratnica.cpp">
      <Filter>Source Files</Filter>
    </ClCompile>
    <ClCompile Include="qmypovratnicamaster.cpp">
      <Filter>Source Files</Filter>
    </ClCompile>
    <ClCompile Include="qmypriemnica.cpp">
      <Filter>Source Files</Filter>
    </ClCompile>
    <ClCompile Include="qmyprofakturimaster.cpp">
      <Filter>Source Files</Filter>
    </ClCompile>
    <ClCompile Include="qmysmetki.cpp">
      <Filter>Source Files</Filter>
    </ClCompile>
    <ClCompile Include="qodobreniekorekcija.cpp">
      <Filter>Source Files</Filter>
    </ClCompile>
    <ClCompile Include="qodobrenielista.cpp">
      <Filter>Source Files</Filter>
    </ClCompile>
    <ClCompile Include="qodobrenievnes.cpp">
      <Filter>Source Files</Filter>
    </ClCompile>
    <ClCompile Include="qperiodicenizvestaj.cpp">
      <Filter>Source Files</Filter>
    </ClCompile>
    <ClCompile Include="qperiodicenizvestajwidget.cpp">
      <Filter>Source Files</Filter>
    </ClCompile>
    <ClCompile Include="qporackismetkikorekcija.cpp">
      <Filter>Source Files</Filter>
    </ClCompile>
    <ClCompile Include="qporackismetkilista.cpp">
      <Filter>Source Files</Filter>
    </ClCompile>
    <ClCompile Include="qporackismetkivnes.cpp">
      <Filter>Source Files</Filter>
    </ClCompile>
    <ClCompile Include="qpovratnicakorekcija.cpp">
      <Filter>Source Files</Filter>
    </ClCompile>
    <ClCompile Include="qpovratnicalista.cpp">
      <Filter>Source Files</Filter>
    </ClCompile>
    <ClCompile Include="qpovratnicavnes.cpp">
      <Filter>Source Files</Filter>
    </ClCompile>
    <ClCompile Include="qpriemnicakorekcija.cpp">
      <Filter>Source Files</Filter>
    </ClCompile>
    <ClCompile Include="qpriemnicalista.cpp">
      <Filter>Source Files</Filter>
    </ClCompile>
    <ClCompile Include="qpriemnicavnes.cpp">
      <Filter>Source Files</Filter>
    </ClCompile>
    <ClCompile Include="qprofakturakorekcija.cpp">
      <Filter>Source Files</Filter>
    </ClCompile>
    <ClCompile Include="qprofakturalista.cpp">
      <Filter>Source Files</Filter>
    </ClCompile>
    <ClCompile Include="qprofakturavnes.cpp">
      <Filter>Source Files</Filter>
    </ClCompile>
    <ClCompile Include="qprofakturi.cpp">
      <Filter>Source Files</Filter>
    </ClCompile>
    <ClCompile Include="qprofakturimasterkorekcija.cpp">
      <Filter>Source Files</Filter>
    </ClCompile>
    <ClCompile Include="qprofakturimasterlista.cpp">
      <Filter>Source Files</Filter>
    </ClCompile>
    <ClCompile Include="qprofakturimastervnes.cpp">
      <Filter>Source Files</Filter>
    </ClCompile>
    <ClCompile Include="qpromenaceni.cpp">
      <Filter>Source Files</Filter>
    </ClCompile>
    <ClCompile Include="qpromenaceniwidget.cpp">
      <Filter>Source Files</Filter>
    </ClCompile>
    <ClCompile Include="qsearchform.cpp">
      <Filter>Source Files</Filter>
    </ClCompile>
    <ClCompile Include="qsearchformfaktura.cpp">
      <Filter>Source Files</Filter>
    </ClCompile>
    <ClCompile Include="qstablewidgetdelegate.cpp">
      <Filter>Source Files</Filter>
    </ClCompile>
    <ClCompile Include="quserform.cpp">
      <Filter>Source Files</Filter>
    </ClCompile>
    <ClCompile Include="sterna.cpp">
      <Filter>Source Files</Filter>
    </ClCompile>
    <ClCompile Include="xx.cpp">
      <Filter>Source Files</Filter>
    </ClCompile>
  </ItemGroup>
  <ItemGroup>
    <QtMoc Include="chelperclass.h">
      <Filter>Header Files</Filter>
    </QtMoc>
    <QtMoc Include="qAnalitikaArtikli.h">
      <Filter>Header Files</Filter>
    </QtMoc>
    <QtMoc Include="qAnalitikaArtikliwidget.h">
      <Filter>Header Files</Filter>
    </QtMoc>
    <QtMoc Include="qAnalitikaKomintenti.h">
      <Filter>Header Files</Filter>
    </QtMoc>
    <QtMoc Include="qAnalitikaKomintentiwidget.h">
      <Filter>Header Files</Filter>
    </QtMoc>
    <QtMoc Include="qEmployekorekcija.h">
      <Filter>Header Files</Filter>
    </QtMoc>
    <QtMoc Include="qEmployelista.h">
      <Filter>Header Files</Filter>
    </QtMoc>
    <QtMoc Include="qEmployevnes.h">
      <Filter>Header Files</Filter>
    </QtMoc>
    <QtMoc Include="qFinAnalitikaKomintenti.h">
      <Filter>Header Files</Filter>
    </QtMoc>
    <QtMoc Include="qFinAnalitikaKomintentiwidget.h">
      <Filter>Header Files</Filter>
    </QtMoc>
    <QtMoc Include="qPriem.h">
      <Filter>Header Files</Filter>
    </QtMoc>
    <QtMoc Include="qPriemwidget.h">
      <Filter>Header Files</Filter>
    </QtMoc>
    <QtMoc Include="qartiklikorekcija.h">
      <Filter>Header Files</Filter>
    </QtMoc>
    <QtMoc Include="qartiklivnes.h">
      <Filter>Header Files</Filter>
    </QtMoc>
    <QtMoc Include="qbanki.h">
      <Filter>Header Files</Filter>
    </QtMoc>
    <QtMoc Include="qbankikorekcija.h">
      <Filter>Header Files</Filter>
    </QtMoc>
    <QtMoc Include="qbankilista.h">
      <Filter>Header Files</Filter>
    </QtMoc>
    <QtMoc Include="qbankivnes.h">
      <Filter>Header Files</Filter>
    </QtMoc>
    <QtMoc Include="qddv.h">
      <Filter>Header Files</Filter>
    </QtMoc>
    <QtMoc Include="qddvkorekcija.h">
      <Filter>Header Files</Filter>
    </QtMoc>
    <QtMoc Include="qddvlista.h">
      <Filter>Header Files</Filter>
    </QtMoc>
    <QtMoc Include="qddvvnes.h">
      <Filter>Header Files</Filter>
    </QtMoc>
    <QtMoc Include="qdnevenpromet.h">
      <Filter>Header Files</Filter>
    </QtMoc>
    <QtMoc Include="qdnevenprometwidget.h">
      <Filter>Header Files</Filter>
    </QtMoc>
    <QtMoc Include="qfakturikorekcija.h">
      <Filter>Header Files</Filter>
    </QtMoc>
    <QtMoc Include="qfakturilista.h">
      <Filter>Header Files</Filter>
    </QtMoc>
    <QtMoc Include="qfakturivlezni.h">
      <Filter>Header Files</Filter>
    </QtMoc>
    <QtMoc Include="qfakturivnes.h">
      <Filter>Header Files</Filter>
    </QtMoc>
    <QtMoc Include="qfiscalform.h">
      <Filter>Header Files</Filter>
    </QtMoc>
    <QtMoc Include="qizjavakorekcija.h">
      <Filter>Header Files</Filter>
    </QtMoc>
    <QtMoc Include="qizjavalista.h">
      <Filter>Header Files</Filter>
    </QtMoc>
    <QtMoc Include="qizjavavnes.h">
      <Filter>Header Files</Filter>
    </QtMoc>
    <QtMoc Include="qizleznifaktmasterkorekcija.h">
      <Filter>Header Files</Filter>
    </QtMoc>
    <QtMoc Include="qizleznifaktmasterlista.h">
      <Filter>Header Files</Filter>
    </QtMoc>
    <QtMoc Include="qizleznifaktmastervnes.h">
      <Filter>Header Files</Filter>
    </QtMoc>
    <QtMoc Include="qizleznifakturikorekcija.h">
      <Filter>Header Files</Filter>
    </QtMoc>
    <QtMoc Include="qizleznifakturilista.h">
      <Filter>Header Files</Filter>
    </QtMoc>
    <QtMoc Include="qizleznifakturivnes.h">
      <Filter>Header Files</Filter>
    </QtMoc>
    <QtMoc Include="qizlezniispratnicikorekcija.h">
      <Filter>Header Files</Filter>
    </QtMoc>
    <QtMoc Include="qizlezniispratnicilista.h">
      <Filter>Header Files</Filter>
    </QtMoc>
    <QtMoc Include="qizlezniispratnicivnes.h">
      <Filter>Header Files</Filter>
    </QtMoc>
    <QtMoc Include="qizleznipopismasterkorekcija.h">
      <Filter>Header Files</Filter>
    </QtMoc>
    <QtMoc Include="qizleznipopismasterlista.h">
      <Filter>Header Files</Filter>
    </QtMoc>
    <QtMoc Include="qizleznipopismastervnes.h">
      <Filter>Header Files</Filter>
    </QtMoc>
    <QtMoc Include="qizleznipovratnicamasterkorekcija.h">
      <Filter>Header Files</Filter>
    </QtMoc>
    <QtMoc Include="qizleznipovratnicamasterlista.h">
      <Filter>Header Files</Filter>
    </QtMoc>
    <QtMoc Include="qizleznipovratnicamastervnes.h">
      <Filter>Header Files</Filter>
    </QtMoc>
    <QtMoc Include="qizleznismetkikorekcija.h">
      <Filter>Header Files</Filter>
    </QtMoc>
    <QtMoc Include="qizleznismetkilista.h">
      <Filter>Header Files</Filter>
    </QtMoc>
    <QtMoc Include="qizleznismetkivnes.h">
      <Filter>Header Files</Filter>
    </QtMoc>
    <QtMoc Include="qizvestai.h">
      <Filter>Header Files</Filter>
    </QtMoc>
    <QtMoc Include="qizvestaiwidget.h">
      <Filter>Header Files</Filter>
    </QtMoc>
    <QtMoc Include="qizvod.h">
      <Filter>Header Files</Filter>
    </QtMoc>
    <QtMoc Include="qizvodkorekcija.h">
      <Filter>Header Files</Filter>
    </QtMoc>
    <QtMoc Include="qizvodlista.h">
      <Filter>Header Files</Filter>
    </QtMoc>
    <QtMoc Include="qizvodvnes.h">
      <Filter>Header Files</Filter>
    </QtMoc>
    <QtMoc Include="qkalkulacijakorekcija.h">
      <Filter>Header Files</Filter>
    </QtMoc>
    <QtMoc Include="qkalkulacijalagerlista.h">
      <Filter>Header Files</Filter>
    </QtMoc>
    <QtMoc Include="qkalkulacijalista.h">
      <Filter>Header Files</Filter>
    </QtMoc>
    <QtMoc Include="qkalkulacijavnes.h">
      <Filter>Header Files</Filter>
    </QtMoc>
    <QtMoc Include="qkarticawidget.h">
      <Filter>Header Files</Filter>
    </QtMoc>
    <QtMoc Include="qkartici.h">
      <Filter>Header Files</Filter>
    </QtMoc>
    <QtMoc Include="qkasakorekcija.h">
      <Filter>Header Files</Filter>
    </QtMoc>
    <QtMoc Include="qkasalista.h">
      <Filter>Header Files</Filter>
    </QtMoc>
    <QtMoc Include="qkasavnes.h">
      <Filter>Header Files</Filter>
    </QtMoc>
    <QtMoc Include="qkomintentianalitika.h">
      <Filter>Header Files</Filter>
    </QtMoc>
    <QtMoc Include="qkomintentianalitikawidget.h">
      <Filter>Header Files</Filter>
    </QtMoc>
    <QtMoc Include="qkomintentikorekcija.h">
      <Filter>Header Files</Filter>
    </QtMoc>
    <QtMoc Include="qkomintentilista.h">
      <Filter>Header Files</Filter>
    </QtMoc>
    <QtMoc Include="qkomintentivnes.h">
      <Filter>Header Files</Filter>
    </QtMoc>
    <QtMoc Include="qlager.h">
      <Filter>Header Files</Filter>
    </QtMoc>
    <QtMoc Include="qlagerwidget.h">
      <Filter>Header Files</Filter>
    </QtMoc>
    <QtMoc Include="qleft.h">
      <Filter>Header Files</Filter>
    </QtMoc>
    <QtMoc Include="qmyEmploye.h">
      <Filter>Header Files</Filter>
    </QtMoc>
    <QtMoc Include="qmyartikli.h">
      <Filter>Header Files</Filter>
    </QtMoc>
    <QtMoc Include="qmyartiklilista.h">
      <Filter>Header Files</Filter>
    </QtMoc>
    <QtMoc Include="qmybaseformwidget.h">
      <Filter>Header Files</Filter>
    </QtMoc>
    <QtMoc Include="qmybasewidget.h">
      <Filter>Header Files</Filter>
    </QtMoc>
    <QtMoc Include="qmyfaktmaster.h">
      <Filter>Header Files</Filter>
    </QtMoc>
    <QtMoc Include="qmyfakturi.h">
      <Filter>Header Files</Filter>
    </QtMoc>
    <QtMoc Include="qmyispratnici.h">
      <Filter>Header Files</Filter>
    </QtMoc>
    <QtMoc Include="qmyizjava.h">
      <Filter>Header Files</Filter>
    </QtMoc>
    <QtMoc Include="qmykalkulacija.h">
      <Filter>Header Files</Filter>
    </QtMoc>
    <QtMoc Include="qmykasa.h">
      <Filter>Header Files</Filter>
    </QtMoc>
    <QtMoc Include="qmykomintenti.h">
      <Filter>Header Files</Filter>
    </QtMoc>
    <QtMoc Include="qmyodobrenie.h">
      <Filter>Header Files</Filter>
    </QtMoc>
    <QtMoc Include="qmypopismaster.h">
      <Filter>Header Files</Filter>
    </QtMoc>
    <QtMoc Include="qmyporackismetki.h">
      <Filter>Header Files</Filter>
    </QtMoc>
    <QtMoc Include="qmypovratnica.h">
      <Filter>Header Files</Filter>
    </QtMoc>
    <QtMoc Include="qmypovratnicamaster.h">
      <Filter>Header Files</Filter>
    </QtMoc>
    <QtMoc Include="qmypriemnica.h">
      <Filter>Header Files</Filter>
    </QtMoc>
    <QtMoc Include="qmyprofakturimaster.h">
      <Filter>Header Files</Filter>
    </QtMoc>
    <QtMoc Include="qmysmetki.h">
      <Filter>Header Files</Filter>
    </QtMoc>
    <QtMoc Include="qodobreniekorekcija.h">
      <Filter>Header Files</Filter>
    </QtMoc>
    <QtMoc Include="qodobrenielista.h">
      <Filter>Header Files</Filter>
    </QtMoc>
    <QtMoc Include="qodobrenievnes.h">
      <Filter>Header Files</Filter>
    </QtMoc>
    <QtMoc Include="qperiodicenizvestaj.h">
      <Filter>Header Files</Filter>
    </QtMoc>
    <QtMoc Include="qperiodicenizvestajwidget.h">
      <Filter>Header Files</Filter>
    </QtMoc>
    <QtMoc Include="qporackismetkikorekcija.h">
      <Filter>Header Files</Filter>
    </QtMoc>
    <QtMoc Include="qporackismetkilista.h">
      <Filter>Header Files</Filter>
    </QtMoc>
    <QtMoc Include="qporackismetkivnes.h">
      <Filter>Header Files</Filter>
    </QtMoc>
    <QtMoc Include="qpovratnicakorekcija.h">
      <Filter>Header Files</Filter>
    </QtMoc>
    <QtMoc Include="qpovratnicalista.h">
      <Filter>Header Files</Filter>
    </QtMoc>
    <QtMoc Include="qpovratnicavnes.h">
      <Filter>Header Files</Filter>
    </QtMoc>
    <QtMoc Include="qpriemnicakorekcija.h">
      <Filter>Header Files</Filter>
    </QtMoc>
    <QtMoc Include="qpriemnicalista.h">
      <Filter>Header Files</Filter>
    </QtMoc>
    <QtMoc Include="qpriemnicavnes.h">
      <Filter>Header Files</Filter>
    </QtMoc>
    <QtMoc Include="qprofakturakorekcija.h">
      <Filter>Header Files</Filter>
    </QtMoc>
    <QtMoc Include="qprofakturalista.h">
      <Filter>Header Files</Filter>
    </QtMoc>
    <QtMoc Include="qprofakturavnes.h">
      <Filter>Header Files</Filter>
    </QtMoc>
    <QtMoc Include="qprofakturi.h">
      <Filter>Header Files</Filter>
    </QtMoc>
    <QtMoc Include="qprofakturimasterkorekcija.h">
      <Filter>Header Files</Filter>
    </QtMoc>
    <QtMoc Include="qprofakturimasterlista.h">
      <Filter>Header Files</Filter>
    </QtMoc>
    <QtMoc Include="qprofakturimastervnes.h">
      <Filter>Header Files</Filter>
    </QtMoc>
    <QtMoc Include="qpromenaceni.h">
      <Filter>Header Files</Filter>
    </QtMoc>
    <QtMoc Include="qpromenaceniwidget.h">
      <Filter>Header Files</Filter>
    </QtMoc>
    <QtMoc Include="qsearchform.h">
      <Filter>Header Files</Filter>
    </QtMoc>
    <QtMoc Include="qsearchformfaktura.h">
      <Filter>Header Files</Filter>
    </QtMoc>
    <QtMoc Include="qstablewidgetdelegate.h">
      <Filter>Header Files</Filter>
    </QtMoc>
    <QtMoc Include="quserform.h">
      <Filter>Header Files</Filter>
    </QtMoc>
    <ClInclude Include="resource1.h">
      <Filter>Header Files</Filter>
    </ClInclude>
    <QtMoc Include="sterna.h">
      <Filter>Header Files</Filter>
    </QtMoc>
    <ClInclude Include="xx.h">
      <Filter>Header Files</Filter>
    </ClInclude>
  </ItemGroup>
  <ItemGroup>
    <CustomBuild Include="debug\moc_predefs.h.cbt">
      <Filter>Generated Files</Filter>
    </CustomBuild>
    <CustomBuild Include="release\moc_predefs.h.cbt">
      <Filter>Generated Files</Filter>
    </CustomBuild>
  </ItemGroup>
  <ItemGroup>
    <QtUic Include="qAnalitikaArtikli.ui">
      <Filter>Form Files</Filter>
    </QtUic>
    <QtUic Include="qAnalitikaArtikliwidget.ui">
      <Filter>Form Files</Filter>
    </QtUic>
    <QtUic Include="qAnalitikaKomintenti.ui">
      <Filter>Form Files</Filter>
    </QtUic>
    <QtUic Include="qAnalitikaKomintentiwidget.ui">
      <Filter>Form Files</Filter>
    </QtUic>
    <QtUic Include="qEmployeivnes.ui">
      <Filter>Form Files</Filter>
    </QtUic>
    <QtUic Include="qEmployekorekcija.ui">
      <Filter>Form Files</Filter>
    </QtUic>
    <QtUic Include="qEmployelista.ui">
      <Filter>Form Files</Filter>
    </QtUic>
    <QtUic Include="qFinAnalitikaKomintenti.ui">
      <Filter>Form Files</Filter>
    </QtUic>
    <QtUic Include="qFinAnalitikaKomintentiwidget.ui">
      <Filter>Form Files</Filter>
    </QtUic>
    <QtUic Include="qPriemwidget.ui">
      <Filter>Form Files</Filter>
    </QtUic>
    <QtUic Include="qartiklikorekcija.ui">
      <Filter>Form Files</Filter>
    </QtUic>
    <QtUic Include="qartiklivnes.ui">
      <Filter>Form Files</Filter>
    </QtUic>
    <QtUic Include="qbanki.ui">
      <Filter>Form Files</Filter>
    </QtUic>
    <QtUic Include="qbankikorekcija.ui">
      <Filter>Form Files</Filter>
    </QtUic>
    <QtUic Include="qbankilista.ui">
      <Filter>Form Files</Filter>
    </QtUic>
    <QtUic Include="qbankivnes.ui">
      <Filter>Form Files</Filter>
    </QtUic>
    <QtUic Include="qddv.ui">
      <Filter>Form Files</Filter>
    </QtUic>
    <QtUic Include="qddvkorekcija.ui">
      <Filter>Form Files</Filter>
    </QtUic>
    <QtUic Include="qddvlista.ui">
      <Filter>Form Files</Filter>
    </QtUic>
    <QtUic Include="qddvvnes.ui">
      <Filter>Form Files</Filter>
    </QtUic>
    <QtUic Include="qdnevenpromet.ui">
      <Filter>Form Files</Filter>
    </QtUic>
    <QtUic Include="qdnevenprometwidget.ui">
      <Filter>Form Files</Filter>
    </QtUic>
    <QtUic Include="qfakturikorekcija.ui">
      <Filter>Form Files</Filter>
    </QtUic>
    <QtUic Include="qfakturilista.ui">
      <Filter>Form Files</Filter>
    </QtUic>
    <QtUic Include="qfakturivlezni.ui">
      <Filter>Form Files</Filter>
    </QtUic>
    <QtUic Include="qfakturivnes.ui">
      <Filter>Form Files</Filter>
    </QtUic>
    <QtUic Include="qfiscalform.ui">
      <Filter>Form Files</Filter>
    </QtUic>
    <QtUic Include="qizjavakorekcija.ui">
      <Filter>Form Files</Filter>
    </QtUic>
    <QtUic Include="qizjavalista.ui">
      <Filter>Form Files</Filter>
    </QtUic>
    <QtUic Include="qizjavavnes.ui">
      <Filter>Form Files</Filter>
    </QtUic>
    <QtUic Include="qizleznifaktmasterkorekcija.ui">
      <Filter>Form Files</Filter>
    </QtUic>
    <QtUic Include="qizleznifaktmasterlista.ui">
      <Filter>Form Files</Filter>
    </QtUic>
    <QtUic Include="qizleznifaktmastervnes.ui">
      <Filter>Form Files</Filter>
    </QtUic>
    <QtUic Include="qizleznifakturikorekcija.ui">
      <Filter>Form Files</Filter>
    </QtUic>
    <QtUic Include="qizleznifakturilista.ui">
      <Filter>Form Files</Filter>
    </QtUic>
    <QtUic Include="qizleznifakturivnes.ui">
      <Filter>Form Files</Filter>
    </QtUic>
    <QtUic Include="qizlezniispratnicikorekcija.ui">
      <Filter>Form Files</Filter>
    </QtUic>
    <QtUic Include="qizlezniispratnicilista.ui">
      <Filter>Form Files</Filter>
    </QtUic>
    <QtUic Include="qizlezniispratnicivnes.ui">
      <Filter>Form Files</Filter>
    </QtUic>
    <QtUic Include="qizleznipopismasterkorekcija.ui">
      <Filter>Form Files</Filter>
    </QtUic>
    <QtUic Include="qizleznipopismasterlista.ui">
      <Filter>Form Files</Filter>
    </QtUic>
    <QtUic Include="qizleznipopismastervnes.ui">
      <Filter>Form Files</Filter>
    </QtUic>
    <QtUic Include="qizleznipovratnicamasterkorekcija.ui">
      <Filter>Form Files</Filter>
    </QtUic>
    <QtUic Include="qizleznipovratnicamasterlista.ui">
      <Filter>Form Files</Filter>
    </QtUic>
    <QtUic Include="qizleznipovratnicamastervnes.ui">
      <Filter>Form Files</Filter>
    </QtUic>
    <QtUic Include="qizleznismetkiivnes.ui">
      <Filter>Form Files</Filter>
    </QtUic>
    <QtUic Include="qizleznismetkikorekcija.ui">
      <Filter>Form Files</Filter>
    </QtUic>
    <QtUic Include="qizleznismetkilista.ui">
      <Filter>Form Files</Filter>
    </QtUic>
    <QtUic Include="qizvestai.ui">
      <Filter>Form Files</Filter>
    </QtUic>
    <QtUic Include="qizvestaiwidget.ui">
      <Filter>Form Files</Filter>
    </QtUic>
    <QtUic Include="qizvod.ui">
      <Filter>Form Files</Filter>
    </QtUic>
    <QtUic Include="qizvodkorekcija.ui">
      <Filter>Form Files</Filter>
    </QtUic>
    <QtUic Include="qizvodlista.ui">
      <Filter>Form Files</Filter>
    </QtUic>
    <QtUic Include="qizvodvnes.ui">
      <Filter>Form Files</Filter>
    </QtUic>
    <QtUic Include="qkalkulacijakorekcija.ui">
      <Filter>Form Files</Filter>
    </QtUic>
    <QtUic Include="qkalkulacijalagerlista.ui">
      <Filter>Form Files</Filter>
    </QtUic>
    <QtUic Include="qkalkulacijalista.ui">
      <Filter>Form Files</Filter>
    </QtUic>
    <QtUic Include="qkalkulacijavnes.ui">
      <Filter>Form Files</Filter>
    </QtUic>
    <QtUic Include="qkarticawidget.ui">
      <Filter>Form Files</Filter>
    </QtUic>
    <QtUic Include="qkartici.ui">
      <Filter>Form Files</Filter>
    </QtUic>
    <QtUic Include="qkasakorekcija.ui">
      <Filter>Form Files</Filter>
    </QtUic>
    <QtUic Include="qkasalista.ui">
      <Filter>Form Files</Filter>
    </QtUic>
    <QtUic Include="qkasavnes.ui">
      <Filter>Form Files</Filter>
    </QtUic>
    <QtUic Include="qkomintentianalitika.ui">
      <Filter>Form Files</Filter>
    </QtUic>
    <QtUic Include="qkomintentianalitikawidget.ui">
      <Filter>Form Files</Filter>
    </QtUic>
    <QtUic Include="qkomintentikorekcija.ui">
      <Filter>Form Files</Filter>
    </QtUic>
    <QtUic Include="qkomintentilista.ui">
      <Filter>Form Files</Filter>
    </QtUic>
    <QtUic Include="qkomintentivnes.ui">
      <Filter>Form Files</Filter>
    </QtUic>
    <QtUic Include="qlager.ui">
      <Filter>Form Files</Filter>
    </QtUic>
    <QtUic Include="qlagerwidget.ui">
      <Filter>Form Files</Filter>
    </QtUic>
    <QtUic Include="qleft.ui">
      <Filter>Form Files</Filter>
    </QtUic>
    <QtUic Include="qmyEmploye.ui">
      <Filter>Form Files</Filter>
    </QtUic>
    <QtUic Include="qmyartikli.ui">
      <Filter>Form Files</Filter>
    </QtUic>
    <QtUic Include="qmyartiklilista.ui">
      <Filter>Form Files</Filter>
    </QtUic>
    <QtUic Include="qmybaseformwidget.ui">
      <Filter>Form Files</Filter>
    </QtUic>
    <QtUic Include="qmybasewidget.ui">
      <Filter>Form Files</Filter>
    </QtUic>
    <QtUic Include="qmyfaktmaster.ui">
      <Filter>Form Files</Filter>
    </QtUic>
    <QtUic Include="qmyfakturi.ui">
      <Filter>Form Files</Filter>
    </QtUic>
    <QtUic Include="qmyispratnici.ui">
      <Filter>Form Files</Filter>
    </QtUic>
    <QtUic Include="qmyizjava.ui">
      <Filter>Form Files</Filter>
    </QtUic>
    <QtUic Include="qmykalkulacija.ui">
      <Filter>Form Files</Filter>
    </QtUic>
    <QtUic Include="qmykasa.ui">
      <Filter>Form Files</Filter>
    </QtUic>
    <QtUic Include="qmykomintenti.ui">
      <Filter>Form Files</Filter>
    </QtUic>
    <QtUic Include="qmyodobrenie.ui">
      <Filter>Form Files</Filter>
    </QtUic>
    <QtUic Include="qmypopismaster.ui">
      <Filter>Form Files</Filter>
    </QtUic>
    <QtUic Include="qmyporackismetki.ui">
      <Filter>Form Files</Filter>
    </QtUic>
    <QtUic Include="qmypovratnica.ui">
      <Filter>Form Files</Filter>
    </QtUic>
    <QtUic Include="qmypovratnicamaster.ui">
      <Filter>Form Files</Filter>
    </QtUic>
    <QtUic Include="qmypriemnica.ui">
      <Filter>Form Files</Filter>
    </QtUic>
    <QtUic Include="qmyprofakturimaster.ui">
      <Filter>Form Files</Filter>
    </QtUic>
    <QtUic Include="qmysmetki.ui">
      <Filter>Form Files</Filter>
    </QtUic>
    <QtUic Include="qodobreniekorekcija.ui">
      <Filter>Form Files</Filter>
    </QtUic>
    <QtUic Include="qodobrenielista.ui">
      <Filter>Form Files</Filter>
    </QtUic>
    <QtUic Include="qodobrenievnes.ui">
      <Filter>Form Files</Filter>
    </QtUic>
    <QtUic Include="qperiodicenizvestaj.ui">
      <Filter>Form Files</Filter>
    </QtUic>
    <QtUic Include="qperiodicenizvestajwidget.ui">
      <Filter>Form Files</Filter>
    </QtUic>
    <QtUic Include="qporackismetkiivnes.ui">
      <Filter>Form Files</Filter>
    </QtUic>
    <QtUic Include="qporackismetkikorekcija.ui">
      <Filter>Form Files</Filter>
    </QtUic>
    <QtUic Include="qporackismetkilista.ui">
      <Filter>Form Files</Filter>
    </QtUic>
    <QtUic Include="qpovratnicakorekcija.ui">
      <Filter>Form Files</Filter>
    </QtUic>
    <QtUic Include="qpovratnicalista.ui">
      <Filter>Form Files</Filter>
    </QtUic>
    <QtUic Include="qpovratnicavnes.ui">
      <Filter>Form Files</Filter>
    </QtUic>
    <QtUic Include="qpriemnicakorekcija.ui">
      <Filter>Form Files</Filter>
    </QtUic>
    <QtUic Include="qpriemnicalista.ui">
      <Filter>Form Files</Filter>
    </QtUic>
    <QtUic Include="qpriemnicavnes.ui">
      <Filter>Form Files</Filter>
    </QtUic>
    <QtUic Include="qprofakturakorekcija.ui">
      <Filter>Form Files</Filter>
    </QtUic>
    <QtUic Include="qprofakturalista.ui">
      <Filter>Form Files</Filter>
    </QtUic>
    <QtUic Include="qprofakturavnes.ui">
      <Filter>Form Files</Filter>
    </QtUic>
    <QtUic Include="qprofakturi.ui">
      <Filter>Form Files</Filter>
    </QtUic>
    <QtUic Include="qprofakturimasterkorekcija.ui">
      <Filter>Form Files</Filter>
    </QtUic>
    <QtUic Include="qprofakturimasterlista.ui">
      <Filter>Form Files</Filter>
    </QtUic>
    <QtUic Include="qprofakturimastervnes.ui">
      <Filter>Form Files</Filter>
    </QtUic>
    <QtUic Include="qpromenaceni.ui">
      <Filter>Form Files</Filter>
    </QtUic>
    <QtUic Include="qpromenaceniwidget.ui">
      <Filter>Form Files</Filter>
    </QtUic>
    <QtUic Include="qsearchform.ui">
      <Filter>Form Files</Filter>
    </QtUic>
    <QtUic Include="qsearchformfaktura.ui">
      <Filter>Form Files</Filter>
    </QtUic>
    <QtUic Include="quserform.ui">
      <Filter>Form Files</Filter>
    </QtUic>
    <QtUic Include="sterna.ui">
      <Filter>Form Files</Filter>
    </QtUic>
  </ItemGroup>
  <ItemGroup>
    <None Include="Resources\Button-Add-icon.png">
      <Filter>Resource Files</Filter>
    </None>
    <None Include="Resources\Button-Delete-icon.png">
      <Filter>Resource Files</Filter>
    </None>
    <None Include="Resources\LeftAlign.png">
      <Filter>Resource Files</Filter>
    </None>
    <None Include="Resources\Pastel_Icons-folder_open_ico-32x32.png">
      <Filter>Resource Files</Filter>
    </None>
    <None Include="Resources\Preview-icon.png">
      <Filter>Resource Files</Filter>
    </None>
    <None Include="Resources\Printer-icon.png">
      <Filter>Resource Files</Filter>
    </None>
    <None Include="Resources\TopAlign.png">
      <Filter>Resource Files</Filter>
    </None>
    <None Include="Resources\add-file-32x32.png">
      <Filter>Resource Files</Filter>
    </None>
    <None Include="Resources\alea.png">
      <Filter>Resource Files</Filter>
    </None>
    <None Include="Resources\arrow-down-icon.png">
      <Filter>Resource Files</Filter>
    </None>
    <None Include="Resources\arrow-left-icon.png">
      <Filter>Resource Files</Filter>
    </None>
    <None Include="Resources\arrow-right-icon.png">
      <Filter>Resource Files</Filter>
    </None>
    <None Include="Resources\arrow-up-icon.png">
      <Filter>Resource Files</Filter>
    </None>
    <None Include="Resources\background-icon.png">
      <Filter>Resource Files</Filter>
    </None>
    <None Include="Resources\bank.png">
      <Filter>Resource Files</Filter>
    </None>
    <None Include="Resources\bitmap1.bmp">
      <Filter>Resource Files</Filter>
    </None>
    <None Include="Resources\bringtofront.png">
      <Filter>Resource Files</Filter>
    </None>
    <None Include="Resources\close-32x32.png">
      <Filter>Resource Files</Filter>
    </None>
    <None Include="Resources\color.png">
      <Filter>Resource Files</Filter>
    </None>
    <None Include="Resources\ddv.png">
      <Filter>Resource Files</Filter>
    </None>
    <None Include="Resources\delete-file-32x32.png">
      <Filter>Resource Files</Filter>
    </None>
    <None Include="Resources\doralek.png">
      <Filter>Resource Files</Filter>
    </None>
    <None Include="Resources\error.png">
      <Filter>Resource Files</Filter>
    </None>
    <None Include="Resources\filenew.PNG">
      <Filter>Resource Files</Filter>
    </None>
    <None Include="Resources\fileopen.png">
      <Filter>Resource Files</Filter>
    </None>
    <None Include="Resources\filesave.png">
      <Filter>Resource Files</Filter>
    </None>
    <None Include="Resources\fs-view-icon.png">
      <Filter>Resource Files</Filter>
    </None>
    <None Include="Resources\grid1.png">
      <Filter>Resource Files</Filter>
    </None>
    <None Include="Resources\image-add-icon.png">
      <Filter>Resource Files</Filter>
    </None>
    <None Include="Resources\image-remove-icon.png">
      <Filter>Resource Files</Filter>
    </None>
    <None Include="Resources\image1.png">
      <Filter>Resource Files</Filter>
    </None>
    <None Include="Resources\image2.png">
      <Filter>Resource Files</Filter>
    </None>
    <None Include="Resources\image3.png">
      <Filter>Resource Files</Filter>
    </None>
    <None Include="Resources\image4.png">
      <Filter>Resource Files</Filter>
    </None>
    <None Include="Resources\image5.png">
      <Filter>Resource Files</Filter>
    </None>
    <None Include="Resources\image6.png">
      <Filter>Resource Files</Filter>
    </None>
    <None Include="Resources\image7.png">
      <Filter>Resource Files</Filter>
    </None>
    <None Include="Resources\imageItalic.PNG">
      <Filter>Resource Files</Filter>
    </None>
    <None Include="Resources\imagesCA93H0U6.bmp">
      <Filter>Resource Files</Filter>
    </None>
    <None Include="Resources\imagesCADR5ZAI.png">
      <Filter>Resource Files</Filter>
    </None>
    <None Include="Resources\imageunderlined.PNG">
      <Filter>Resource Files</Filter>
    </None>
    <None Include="Resources\information.png">
      <Filter>Resource Files</Filter>
    </None>
    <None Include="Resources\invoice.png">
      <Filter>Resource Files</Filter>
    </None>
    <None Include="Resources\isimple_system_lnx-Icons-32X32-copy_png-32x32.png">
      <Filter>Resource Files</Filter>
    </None>
    <None Include="Resources\isimple_system_lnx-Icons-32X32-file_new_png-32x32.png">
      <Filter>Resource Files</Filter>
    </None>
    <None Include="Resources\isimple_system_lnx-Icons-32X32-paste_png-32x32.png">
      <Filter>Resource Files</Filter>
    </None>
    <None Include="Resources\isimple_system_lnx-Icons-32X32-save_as_png-32x32.png">
      <Filter>Resource Files</Filter>
    </None>
    <None Include="Resources\jurukov1.png">
      <Filter>Resource Files</Filter>
    </None>
    <None Include="Resources\k-color-chooser-icon.png">
      <Filter>Resource Files</Filter>
    </None>
    <None Include="Resources\k-color-edit-icon.png">
      <Filter>Resource Files</Filter>
    </None>
    <None Include="Resources\kasa1.png">
      <Filter>Resource Files</Filter>
    </None>
    <None Include="Resources\key_f2.png">
      <Filter>Resource Files</Filter>
    </None>
    <None Include="Resources\key_f3.png">
      <Filter>Resource Files</Filter>
    </None>
    <None Include="Resources\key_f6.png">
      <Filter>Resource Files</Filter>
    </None>
    <None Include="Resources\key_f9.png">
      <Filter>Resource Files</Filter>
    </None>
    <None Include="Resources\lager.png">
      <Filter>Resource Files</Filter>
    </None>
    <None Include="Resources\microsoft_logo.png">
      <Filter>Resource Files</Filter>
    </None>
    <None Include="Resources\ok.png">
      <Filter>Resource Files</Filter>
    </None>
    <None Include="Resources\pro_invoice.png">
      <Filter>Resource Files</Filter>
    </None>
    <None Include="Resources\reports.png">
      <Filter>Resource Files</Filter>
    </None>
    <None Include="Resources\scissors.png">
      <Filter>Resource Files</Filter>
    </None>
    <None Include="Resources\sendtoback.png">
      <Filter>Resource Files</Filter>
    </None>
    <None Include="Resources\shapeRectangle_icon.png">
      <Filter>Resource Files</Filter>
    </None>
    <QtRcc Include="sterna.qrc">
      <Filter>Resource Files</Filter>
    </QtRcc>
    <None Include="Resources\stop.png">
      <Filter>Resource Files</Filter>
    </None>
    <None Include="Resources\zoom-in-icon.png">
      <Filter>Resource Files</Filter>
    </None>
    <None Include="Resources\zoom-out-icon.png">
      <Filter>Resource Files</Filter>
    </None>
  </ItemGroup>
</Project>